
Microsoft Visual Studio Solution File, Format Version 12.00
# Visual Studio Version 17
VisualStudioVersion = 17.7.34221.43
MinimumVisualStudioVersion = 10.0.40219.1
Project("{8BC9CEB8-8B4A-11D0-8D11-00A0C91BC942}") = "19 Hometask", "19 Hometask.vcxproj", "{7C679DF3-1098-445F-A4D0-E161D143D30A}"
EndProject
Global
	GlobalSection(SolutionConfigurationPlatforms) = preSolution
		Debug|x64 = Debug|x64
		Debug|x86 = Debug|x86
		Release|x64 = Release|x64
		Release|x86 = Release|x86
	EndGlobalSection
	GlobalSection(ProjectConfigurationPlatforms) = postSolution
		{7C679DF3-1098-445F-A4D0-E161D143D30A}.Debug|x64.ActiveCfg = Debug|x64
		{7C679DF3-1098-445F-A4D0-E161D143D30A}.Debug|x64.Build.0 = Debug|x64
		{7C679DF3-1098-445F-A4D0-E161D143D30A}.Debug|x86.ActiveCfg = Debug|Win32
		{7C679DF3-1098-445F-A4D0-E161D143D30A}.Debug|x86.Build.0 = Debug|Win32
		{7C679DF3-1098-445F-A4D0-E161D143D30A}.Release|x64.ActiveCfg = Release|x64
		{7C679DF3-1098-445F-A4D0-E161D143D30A}.Release|x64.Build.0 = Release|x64
		{7C679DF3-1098-445F-A4D0-E161D143D30A}.Release|x86.ActiveCfg = Release|Win32
		{7C679DF3-1098-445F-A4D0-E161D143D30A}.Release|x86.Build.0 = Release|Win32
	EndGlobalSection
	GlobalSection(SolutionProperties) = preSolution
		HideSolutionNode = FALSE
	EndGlobalSection
	GlobalSection(ExtensibilityGlobals) = postSolution
		SolutionGuid = {F5ABE9FF-6FA7-42DC-9821-13B69156FA57}
	EndGlobalSection
EndGlobal
